Microsoft Visual Studio Solution File, Format Version 12.00
# Visual Studio Version 17
VisualStudioVersion = 17.0.31903.59
MinimumVisualStudioVersion = 10.0.40219.1
Project("{2150E333-8FDC-42A3-9474-1A3956D46DE8}") = "Solution Items", "Solution Items", "{B6D71F9B-2F02-4A5D-8D81-E72B57F1942A}"
	ProjectSection(SolutionItems) = preProject
		.github\workflows\merge.yml = .github\workflows\merge.yml
		.github\workflows\pull-request.yml = .github\workflows\pull-request.yml
		.github\workflows\release.yml = .github\workflows\release.yml
		.gitignore = .gitignore
		Directory.Build.props = Directory.Build.props
		icon.png = icon.png
		LICENSE = LICENSE
		nuget.config = nuget.config
		README.md = README.md
	EndProjectSection
EndProject
Project("{FAE04EC0-301F-11D3-BF4B-00C04F79EFBC}") = "Frank.Wpf.Tests", "Frank.Wpf.Tests\Frank.Wpf.Tests.csproj", "{70AB81F7-C04A-4409-ADFF-3FAF762315D2}"
EndProject
Project("{FAE04EC0-301F-11D3-BF4B-00C04F79EFBC}") = "Frank.Wpf.Hosting", "Frank.Wpf.Hosting\Frank.Wpf.Hosting.csproj", "{A0FF8070-B043-4CF1-B852-8B6D064DD0E6}"
EndProject
Project("{FAE04EC0-301F-11D3-BF4B-00C04F79EFBC}") = "Frank.Wpf.Markdown.Previewer", "Frank.Wpf.Markdown.Previewer\Frank.Wpf.Markdown.Previewer.csproj", "{7E03D79E-46A5-41A4-BF1E-4CE3D5461122}"
EndProject
Project("{FAE04EC0-301F-11D3-BF4B-00C04F79EFBC}") = "Frank.Wpf.Markdown.Editor", "Frank.Wpf.Markdown.Editor\Frank.Wpf.Markdown.Editor.csproj", "{DCDD0153-A31C-40FF-A414-5BD730F58F3E}"
EndProject
Project("{FAE04EC0-301F-11D3-BF4B-00C04F79EFBC}") = "Frank.Wpf.Controls.Code", "Frank.Wpf.Controls.Code\Frank.Wpf.Controls.Code.csproj", "{13A0A395-052A-4AE7-AE69-10571635524F}"
EndProject
Project("{FAE04EC0-301F-11D3-BF4B-00C04F79EFBC}") = "Frank.Wpf.Controls.SimpleInputs", "Frank.Wpf.Controls.SimpleInputs\Frank.Wpf.Controls.SimpleInputs.csproj", "{9AB702DD-9DDE-47CD-BEFF-59398C3ABB62}"
EndProject
Project("{FAE04EC0-301F-11D3-BF4B-00C04F79EFBC}") = "Frank.Wpf.Core", "Frank.Wpf.Core\Frank.Wpf.Core.csproj", "{FE8BF95F-6302-4789-A96A-449174D14859}"
EndProject
Project("{FAE04EC0-301F-11D3-BF4B-00C04F79EFBC}") = "Frank.Wpf.Controls.Grid", "Frank.Wpf.Controls.Grid\Frank.Wpf.Controls.Grid.csproj", "{046FD1F5-106E-4565-B26F-2EE2AA2A38F4}"
EndProject
Project("{FAE04EC0-301F-11D3-BF4B-00C04F79EFBC}") = "Frank.Wpf.Controls.Pages", "Frank.Wpf.Controls.Pages\Frank.Wpf.Controls.Pages.csproj", "{74284CE1-BAB8-4E65-BD39-A9B75C63C21A}"
EndProject
Project("{FAE04EC0-301F-11D3-BF4B-00C04F79EFBC}") = "Frank.Wpf.Controls.PdfViewer", "Frank.Wpf.Controls.PdfViewer\Frank.Wpf.Controls.PdfViewer.csproj", "{DCC11069-66EC-488A-9063-350C65BB8412}"
EndProject
Project("{FAE04EC0-301F-11D3-BF4B-00C04F79EFBC}") = "Frank.Wpf.Dialogs", "Frank.Wpf.Dialogs\Frank.Wpf.Dialogs.csproj", "{898A6517-8C54-410E-AA34-AB91483BEA04}"
EndProject
Global
	GlobalSection(SolutionConfigurationPlatforms) = preSolution
		Debug|Any CPU = Debug|Any CPU
		Release|Any CPU = Release|Any CPU
	EndGlobalSection
	GlobalSection(SolutionProperties) = preSolution
		HideSolutionNode = FALSE
	EndGlobalSection
	GlobalSection(ProjectConfigurationPlatforms) = postSolution
		{70AB81F7-C04A-4409-ADFF-3FAF762315D2}.Debug|Any CPU.ActiveCfg = Debug|Any CPU
		{70AB81F7-C04A-4409-ADFF-3FAF762315D2}.Debug|Any CPU.Build.0 = Debug|Any CPU
		{70AB81F7-C04A-4409-ADFF-3FAF762315D2}.Release|Any CPU.ActiveCfg = Release|Any CPU
		{70AB81F7-C04A-4409-ADFF-3FAF762315D2}.Release|Any CPU.Build.0 = Release|Any CPU
		{A0FF8070-B043-4CF1-B852-8B6D064DD0E6}.Debug|Any CPU.ActiveCfg = Debug|Any CPU
		{A0FF8070-B043-4CF1-B852-8B6D064DD0E6}.Debug|Any CPU.Build.0 = Debug|Any CPU
		{A0FF8070-B043-4CF1-B852-8B6D064DD0E6}.Release|Any CPU.ActiveCfg = Release|Any CPU
		{A0FF8070-B043-4CF1-B852-8B6D064DD0E6}.Release|Any CPU.Build.0 = Release|Any CPU
		{7E03D79E-46A5-41A4-BF1E-4CE3D5461122}.Debug|Any CPU.ActiveCfg = Debug|Any CPU
		{7E03D79E-46A5-41A4-BF1E-4CE3D5461122}.Debug|Any CPU.Build.0 = Debug|Any CPU
		{7E03D79E-46A5-41A4-BF1E-4CE3D5461122}.Release|Any CPU.ActiveCfg = Release|Any CPU
		{7E03D79E-46A5-41A4-BF1E-4CE3D5461122}.Release|Any CPU.Build.0 = Release|Any CPU
		{DCDD0153-A31C-40FF-A414-5BD730F58F3E}.Debug|Any CPU.ActiveCfg = Debug|Any CPU
		{DCDD0153-A31C-40FF-A414-5BD730F58F3E}.Debug|Any CPU.Build.0 = Debug|Any CPU
		{DCDD0153-A31C-40FF-A414-5BD730F58F3E}.Release|Any CPU.ActiveCfg = Release|Any CPU
		{DCDD0153-A31C-40FF-A414-5BD730F58F3E}.Release|Any CPU.Build.0 = Release|Any CPU
		{13A0A395-052A-4AE7-AE69-10571635524F}.Debug|Any CPU.ActiveCfg = Debug|Any CPU
		{13A0A395-052A-4AE7-AE69-10571635524F}.Debug|Any CPU.Build.0 = Debug|Any CPU
		{13A0A395-052A-4AE7-AE69-10571635524F}.Release|Any CPU.ActiveCfg = Release|Any CPU
		{13A0A395-052A-4AE7-AE69-10571635524F}.Release|Any CPU.Build.0 = Release|Any CPU
		{9AB702DD-9DDE-47CD-BEFF-59398C3ABB62}.Debug|Any CPU.ActiveCfg = Debug|Any CPU
		{9AB702DD-9DDE-47CD-BEFF-59398C3ABB62}.Debug|Any CPU.Build.0 = Debug|Any CPU
		{9AB702DD-9DDE-47CD-BEFF-59398C3ABB62}.Release|Any CPU.ActiveCfg = Release|Any CPU
		{9AB702DD-9DDE-47CD-BEFF-59398C3ABB62}.Release|Any CPU.Build.0 = Release|Any CPU
		{FE8BF95F-6302-4789-A96A-449174D14859}.Debug|Any CPU.ActiveCfg = Debug|Any CPU
		{FE8BF95F-6302-4789-A96A-449174D14859}.Debug|Any CPU.Build.0 = Debug|Any CPU
		{FE8BF95F-6302-4789-A96A-449174D14859}.Release|Any CPU.ActiveCfg = Release|Any CPU
		{FE8BF95F-6302-4789-A96A-449174D14859}.Release|Any CPU.Build.0 = Release|Any CPU
		{046FD1F5-106E-4565-B26F-2EE2AA2A38F4}.Debug|Any CPU.ActiveCfg = Debug|Any CPU
		{046FD1F5-106E-4565-B26F-2EE2AA2A38F4}.Debug|Any CPU.Build.0 = Debug|Any CPU
		{046FD1F5-106E-4565-B26F-2EE2AA2A38F4}.Release|Any CPU.ActiveCfg = Release|Any CPU
		{046FD1F5-106E-4565-B26F-2EE2AA2A38F4}.Release|Any CPU.Build.0 = Release|Any CPU
		{74284CE1-BAB8-4E65-BD39-A9B75C63C21A}.Debug|Any CPU.ActiveCfg = Debug|Any CPU
		{74284CE1-BAB8-4E65-BD39-A9B75C63C21A}.Debug|Any CPU.Build.0 = Debug|Any CPU
		{74284CE1-BAB8-4E65-BD39-A9B75C63C21A}.Release|Any CPU.ActiveCfg = Release|Any CPU
		{74284CE1-BAB8-4E65-BD39-A9B75C63C21A}.Release|Any CPU.Build.0 = Release|Any CPU
		{DCC11069-66EC-488A-9063-350C65BB8412}.Debug|Any CPU.ActiveCfg = Debug|Any CPU
		{DCC11069-66EC-488A-9063-350C65BB8412}.Debug|Any CPU.Build.0 = Debug|Any CPU
		{DCC11069-66EC-488A-9063-350C65BB8412}.Release|Any CPU.ActiveCfg = Release|Any CPU
		{DCC11069-66EC-488A-9063-350C65BB8412}.Release|Any CPU.Build.0 = Release|Any CPU
		{898A6517-8C54-410E-AA34-AB91483BEA04}.Debug|Any CPU.ActiveCfg = Debug|Any CPU
		{898A6517-8C54-410E-AA34-AB91483BEA04}.Debug|Any CPU.Build.0 = Debug|Any CPU
		{898A6517-8C54-410E-AA34-AB91483BEA04}.Release|Any CPU.ActiveCfg = Release|Any CPU
		{898A6517-8C54-410E-AA34-AB91483BEA04}.Release|Any CPU.Build.0 = Release|Any CPU
	EndGlobalSection
EndGlobal
