Microsoft Visual Studio Solution File, Format Version 12.00
# Visual Studio Version 17
VisualStudioVersion = 17.0.31903.59
MinimumVisualStudioVersion = 10.0.40219.1
Project("{2150E333-8FDC-42A3-9474-1A3956D46DE8}") = "Solution Items", "Solution Items", "{B6D71F9B-2F02-4A5D-8D81-E72B57F1942A}"
	ProjectSection(SolutionItems) = preProject
		.github\workflows\merge.yml = .github\workflows\merge.yml
		.github\workflows\pull-request.yml = .github\workflows\pull-request.yml
		.github\workflows\release.yml = .github\workflows\release.yml
		.gitignore = .gitignore
		Directory.Build.props = Directory.Build.props
		icon.png = icon.png
		LICENSE = LICENSE
		nuget.config = nuget.config
		README.md = README.md
	EndProjectSection
EndProject
Project("{FAE04EC0-301F-11D3-BF4B-00C04F79EFBC}") = "Frank.Wpf.Tests", "Frank.Wpf.Tests\Frank.Wpf.Tests.csproj", "{70AB81F7-C04A-4409-ADFF-3FAF762315D2}"
EndProject
Project("{FAE04EC0-301F-11D3-BF4B-00C04F79EFBC}") = "Frank.Wpf.Hosting", "Frank.Wpf.Hosting\Frank.Wpf.Hosting.csproj", "{A0FF8070-B043-4CF1-B852-8B6D064DD0E6}"
EndProject
Project("{FAE04EC0-301F-11D3-BF4B-00C04F79EFBC}") = "Frank.Wpf.Tests.App", "Frank.Wpf.Tests.App\Frank.Wpf.Tests.App.csproj", "{04A7B109-21B0-4F3A-9091-0F8F86C99254}"
EndProject
Global
	GlobalSection(SolutionConfigurationPlatforms) = preSolution
		Debug|Any CPU = Debug|Any CPU
		Release|Any CPU = Release|Any CPU
	EndGlobalSection
	GlobalSection(SolutionProperties) = preSolution
		HideSolutionNode = FALSE
	EndGlobalSection
	GlobalSection(ProjectConfigurationPlatforms) = postSolution
		{70AB81F7-C04A-4409-ADFF-3FAF762315D2}.Debug|Any CPU.ActiveCfg = Debug|Any CPU
		{70AB81F7-C04A-4409-ADFF-3FAF762315D2}.Debug|Any CPU.Build.0 = Debug|Any CPU
		{70AB81F7-C04A-4409-ADFF-3FAF762315D2}.Release|Any CPU.ActiveCfg = Release|Any CPU
		{70AB81F7-C04A-4409-ADFF-3FAF762315D2}.Release|Any CPU.Build.0 = Release|Any CPU
		{A0FF8070-B043-4CF1-B852-8B6D064DD0E6}.Debug|Any CPU.ActiveCfg = Debug|Any CPU
		{A0FF8070-B043-4CF1-B852-8B6D064DD0E6}.Debug|Any CPU.Build.0 = Debug|Any CPU
		{A0FF8070-B043-4CF1-B852-8B6D064DD0E6}.Release|Any CPU.ActiveCfg = Release|Any CPU
		{A0FF8070-B043-4CF1-B852-8B6D064DD0E6}.Release|Any CPU.Build.0 = Release|Any CPU
		{04A7B109-21B0-4F3A-9091-0F8F86C99254}.Debug|Any CPU.ActiveCfg = Debug|Any CPU
		{04A7B109-21B0-4F3A-9091-0F8F86C99254}.Debug|Any CPU.Build.0 = Debug|Any CPU
		{04A7B109-21B0-4F3A-9091-0F8F86C99254}.Release|Any CPU.ActiveCfg = Release|Any CPU
		{04A7B109-21B0-4F3A-9091-0F8F86C99254}.Release|Any CPU.Build.0 = Release|Any CPU
	EndGlobalSection
EndGlobal
